
Microsoft Visual Studio Solution File, Format Version 12.00
# Visual Studio 15
Project("{FAE04EC0-301F-11D3-BF4B-00C04F79EFBC}") = "UMA_Core", "UMA_Core.csproj", "{626F9D4D-5DFA-190D-DA2E-411B1EC7E108}"
EndProject
Project("{FAE04EC0-301F-11D3-BF4B-00C04F79EFBC}") = "Assembly-CSharp", "Assembly-CSharp.csproj", "{18858421-85CF-FDA2-983D-9FC299A27683}"
EndProject
Project("{FAE04EC0-301F-11D3-BF4B-00C04F79EFBC}") = "MToon", "MToon.csproj", "{3065B889-48D2-A68F-D18A-3B26F44D84CA}"
EndProject
Project("{FAE04EC0-301F-11D3-BF4B-00C04F79EFBC}") = "UMA_Examples", "UMA_Examples.csproj", "{78C0A2E3-8372-391C-07E2-7C43CC89B72C}"
EndProject
Project("{FAE04EC0-301F-11D3-BF4B-00C04F79EFBC}") = "UMA_Content", "UMA_Content.csproj", "{497AF1E6-86C8-0AD1-2C54-C246609BF4A3}"
EndProject
Project("{FAE04EC0-301F-11D3-BF4B-00C04F79EFBC}") = "UMA_Core_Editor", "UMA_Core_Editor.csproj", "{B1F11961-2FEB-68BA-E449-0FF215F3AF62}"
EndProject
Project("{FAE04EC0-301F-11D3-BF4B-00C04F79EFBC}") = "Assembly-CSharp-Editor", "Assembly-CSharp-Editor.csproj", "{52AC84E4-CA31-E689-4E23-1F27EB9970CB}"
EndProject
Project("{FAE04EC0-301F-11D3-BF4B-00C04F79EFBC}") = "UMA_Examples_Editor", "UMA_Examples_Editor.csproj", "{BB83C8AA-9A1B-065D-5D36-9FC4B511E700}"
EndProject
Project("{FAE04EC0-301F-11D3-BF4B-00C04F79EFBC}") = "MToon.Editor", "MToon.Editor.csproj", "{C93347B8-99FD-FD99-A2CF-8AFCCB05FABB}"
EndProject
Global
	GlobalSection(SolutionConfigurationPlatforms) = preSolution
		Debug|Any CPU = Debug|Any CPU
		Release|Any CPU = Release|Any CPU
	EndGlobalSection
	GlobalSection(ProjectConfigurationPlatforms) = postSolution
		{626F9D4D-5DFA-190D-DA2E-411B1EC7E108}.Debug|Any CPU.ActiveCfg = Debug|Any CPU
		{626F9D4D-5DFA-190D-DA2E-411B1EC7E108}.Debug|Any CPU.Build.0 = Debug|Any CPU
		{626F9D4D-5DFA-190D-DA2E-411B1EC7E108}.Release|Any CPU.ActiveCfg = Release|Any CPU
		{626F9D4D-5DFA-190D-DA2E-411B1EC7E108}.Release|Any CPU.Build.0 = Release|Any CPU
		{18858421-85CF-FDA2-983D-9FC299A27683}.Debug|Any CPU.ActiveCfg = Debug|Any CPU
		{18858421-85CF-FDA2-983D-9FC299A27683}.Debug|Any CPU.Build.0 = Debug|Any CPU
		{18858421-85CF-FDA2-983D-9FC299A27683}.Release|Any CPU.ActiveCfg = Release|Any CPU
		{18858421-85CF-FDA2-983D-9FC299A27683}.Release|Any CPU.Build.0 = Release|Any CPU
		{3065B889-48D2-A68F-D18A-3B26F44D84CA}.Debug|Any CPU.ActiveCfg = Debug|Any CPU
		{3065B889-48D2-A68F-D18A-3B26F44D84CA}.Debug|Any CPU.Build.0 = Debug|Any CPU
		{3065B889-48D2-A68F-D18A-3B26F44D84CA}.Release|Any CPU.ActiveCfg = Release|Any CPU
		{3065B889-48D2-A68F-D18A-3B26F44D84CA}.Release|Any CPU.Build.0 = Release|Any CPU
		{78C0A2E3-8372-391C-07E2-7C43CC89B72C}.Debug|Any CPU.ActiveCfg = Debug|Any CPU
		{78C0A2E3-8372-391C-07E2-7C43CC89B72C}.Debug|Any CPU.Build.0 = Debug|Any CPU
		{78C0A2E3-8372-391C-07E2-7C43CC89B72C}.Release|Any CPU.ActiveCfg = Release|Any CPU
		{78C0A2E3-8372-391C-07E2-7C43CC89B72C}.Release|Any CPU.Build.0 = Release|Any CPU
		{497AF1E6-86C8-0AD1-2C54-C246609BF4A3}.Debug|Any CPU.ActiveCfg = Debug|Any CPU
		{497AF1E6-86C8-0AD1-2C54-C246609BF4A3}.Debug|Any CPU.Build.0 = Debug|Any CPU
		{497AF1E6-86C8-0AD1-2C54-C246609BF4A3}.Release|Any CPU.ActiveCfg = Release|Any CPU
		{497AF1E6-86C8-0AD1-2C54-C246609BF4A3}.Release|Any CPU.Build.0 = Release|Any CPU
		{B1F11961-2FEB-68BA-E449-0FF215F3AF62}.Debug|Any CPU.ActiveCfg = Debug|Any CPU
		{B1F11961-2FEB-68BA-E449-0FF215F3AF62}.Debug|Any CPU.Build.0 = Debug|Any CPU
		{B1F11961-2FEB-68BA-E449-0FF215F3AF62}.Release|Any CPU.ActiveCfg = Release|Any CPU
		{B1F11961-2FEB-68BA-E449-0FF215F3AF62}.Release|Any CPU.Build.0 = Release|Any CPU
		{52AC84E4-CA31-E689-4E23-1F27EB9970CB}.Debug|Any CPU.ActiveCfg = Debug|Any CPU
		{52AC84E4-CA31-E689-4E23-1F27EB9970CB}.Debug|Any CPU.Build.0 = Debug|Any CPU
		{52AC84E4-CA31-E689-4E23-1F27EB9970CB}.Release|Any CPU.ActiveCfg = Release|Any CPU
		{52AC84E4-CA31-E689-4E23-1F27EB9970CB}.Release|Any CPU.Build.0 = Release|Any CPU
		{BB83C8AA-9A1B-065D-5D36-9FC4B511E700}.Debug|Any CPU.ActiveCfg = Debug|Any CPU
		{BB83C8AA-9A1B-065D-5D36-9FC4B511E700}.Debug|Any CPU.Build.0 = Debug|Any CPU
		{BB83C8AA-9A1B-065D-5D36-9FC4B511E700}.Release|Any CPU.ActiveCfg = Release|Any CPU
		{BB83C8AA-9A1B-065D-5D36-9FC4B511E700}.Release|Any CPU.Build.0 = Release|Any CPU
		{C93347B8-99FD-FD99-A2CF-8AFCCB05FABB}.Debug|Any CPU.ActiveCfg = Debug|Any CPU
		{C93347B8-99FD-FD99-A2CF-8AFCCB05FABB}.Debug|Any CPU.Build.0 = Debug|Any CPU
		{C93347B8-99FD-FD99-A2CF-8AFCCB05FABB}.Release|Any CPU.ActiveCfg = Release|Any CPU
		{C93347B8-99FD-FD99-A2CF-8AFCCB05FABB}.Release|Any CPU.Build.0 = Release|Any CPU
	EndGlobalSection
	GlobalSection(SolutionProperties) = preSolution
		HideSolutionNode = FALSE
	EndGlobalSection
EndGlobal
