
Microsoft Visual Studio Solution File, Format Version 12.00
# Visual Studio Version 16
VisualStudioVersion = 16.0.31213.239
MinimumVisualStudioVersion = 10.0.40219.1
Project("{FAE04EC0-301F-11D3-BF4B-00C04F79EFBC}") = "UMA_Core", "UMA_Core.csproj", "{45867FB9-ACCC-2299-8802-E0F949789B2A}"
EndProject
Project("{FAE04EC0-301F-11D3-BF4B-00C04F79EFBC}") = "Assembly-CSharp", "Assembly-CSharp.csproj", "{7131A9DB-D2F1-43AE-AC86-04250FAD9FB0}"
EndProject
Project("{FAE04EC0-301F-11D3-BF4B-00C04F79EFBC}") = "MToon", "MToon.csproj", "{313AF74D-627A-BFCB-74E7-662303908931}"
EndProject
Project("{FAE04EC0-301F-11D3-BF4B-00C04F79EFBC}") = "UMA_Examples", "UMA_Examples.csproj", "{A95D04AA-8CC9-5139-15E4-387F4A8A107B}"
EndProject
Project("{FAE04EC0-301F-11D3-BF4B-00C04F79EFBC}") = "UMA_Content", "UMA_Content.csproj", "{9D3238AD-1EE8-33C5-7DDD-E03403D425F2}"
EndProject
Project("{FAE04EC0-301F-11D3-BF4B-00C04F79EFBC}") = "UMA_Core_Editor", "UMA_Core_Editor.csproj", "{71486176-6AAD-E7E1-A513-6CCFCCED73D0}"
EndProject
Project("{FAE04EC0-301F-11D3-BF4B-00C04F79EFBC}") = "Assembly-CSharp-Editor", "Assembly-CSharp-Editor.csproj", "{36754AB5-0870-F528-BBEC-EACE1EB726DF}"
EndProject
Project("{FAE04EC0-301F-11D3-BF4B-00C04F79EFBC}") = "UMA_Examples_Editor", "UMA_Examples_Editor.csproj", "{2A69C33B-0F7A-3E15-CDB5-8434B1CD6FAA}"
EndProject
Project("{FAE04EC0-301F-11D3-BF4B-00C04F79EFBC}") = "MToon.Editor", "MToon.Editor.csproj", "{2B258F46-1942-6839-A734-1FAD9A55CCCA}"
EndProject
Global
	GlobalSection(SolutionConfigurationPlatforms) = preSolution
		Debug|Any CPU = Debug|Any CPU
		Release|Any CPU = Release|Any CPU
	EndGlobalSection
	GlobalSection(ProjectConfigurationPlatforms) = postSolution
		{45867FB9-ACCC-2299-8802-E0F949789B2A}.Debug|Any CPU.ActiveCfg = Debug|Any CPU
		{45867FB9-ACCC-2299-8802-E0F949789B2A}.Debug|Any CPU.Build.0 = Debug|Any CPU
		{45867FB9-ACCC-2299-8802-E0F949789B2A}.Release|Any CPU.ActiveCfg = Release|Any CPU
		{45867FB9-ACCC-2299-8802-E0F949789B2A}.Release|Any CPU.Build.0 = Release|Any CPU
		{7131A9DB-D2F1-43AE-AC86-04250FAD9FB0}.Debug|Any CPU.ActiveCfg = Debug|Any CPU
		{7131A9DB-D2F1-43AE-AC86-04250FAD9FB0}.Debug|Any CPU.Build.0 = Debug|Any CPU
		{7131A9DB-D2F1-43AE-AC86-04250FAD9FB0}.Release|Any CPU.ActiveCfg = Release|Any CPU
		{7131A9DB-D2F1-43AE-AC86-04250FAD9FB0}.Release|Any CPU.Build.0 = Release|Any CPU
		{313AF74D-627A-BFCB-74E7-662303908931}.Debug|Any CPU.ActiveCfg = Debug|Any CPU
		{313AF74D-627A-BFCB-74E7-662303908931}.Debug|Any CPU.Build.0 = Debug|Any CPU
		{313AF74D-627A-BFCB-74E7-662303908931}.Release|Any CPU.ActiveCfg = Release|Any CPU
		{313AF74D-627A-BFCB-74E7-662303908931}.Release|Any CPU.Build.0 = Release|Any CPU
		{A95D04AA-8CC9-5139-15E4-387F4A8A107B}.Debug|Any CPU.ActiveCfg = Debug|Any CPU
		{A95D04AA-8CC9-5139-15E4-387F4A8A107B}.Debug|Any CPU.Build.0 = Debug|Any CPU
		{A95D04AA-8CC9-5139-15E4-387F4A8A107B}.Release|Any CPU.ActiveCfg = Release|Any CPU
		{A95D04AA-8CC9-5139-15E4-387F4A8A107B}.Release|Any CPU.Build.0 = Release|Any CPU
		{9D3238AD-1EE8-33C5-7DDD-E03403D425F2}.Debug|Any CPU.ActiveCfg = Debug|Any CPU
		{9D3238AD-1EE8-33C5-7DDD-E03403D425F2}.Debug|Any CPU.Build.0 = Debug|Any CPU
		{9D3238AD-1EE8-33C5-7DDD-E03403D425F2}.Release|Any CPU.ActiveCfg = Release|Any CPU
		{9D3238AD-1EE8-33C5-7DDD-E03403D425F2}.Release|Any CPU.Build.0 = Release|Any CPU
		{71486176-6AAD-E7E1-A513-6CCFCCED73D0}.Debug|Any CPU.ActiveCfg = Debug|Any CPU
		{71486176-6AAD-E7E1-A513-6CCFCCED73D0}.Debug|Any CPU.Build.0 = Debug|Any CPU
		{71486176-6AAD-E7E1-A513-6CCFCCED73D0}.Release|Any CPU.ActiveCfg = Release|Any CPU
		{71486176-6AAD-E7E1-A513-6CCFCCED73D0}.Release|Any CPU.Build.0 = Release|Any CPU
		{36754AB5-0870-F528-BBEC-EACE1EB726DF}.Debug|Any CPU.ActiveCfg = Debug|Any CPU
		{36754AB5-0870-F528-BBEC-EACE1EB726DF}.Debug|Any CPU.Build.0 = Debug|Any CPU
		{36754AB5-0870-F528-BBEC-EACE1EB726DF}.Release|Any CPU.ActiveCfg = Release|Any CPU
		{36754AB5-0870-F528-BBEC-EACE1EB726DF}.Release|Any CPU.Build.0 = Release|Any CPU
		{2A69C33B-0F7A-3E15-CDB5-8434B1CD6FAA}.Debug|Any CPU.ActiveCfg = Debug|Any CPU
		{2A69C33B-0F7A-3E15-CDB5-8434B1CD6FAA}.Debug|Any CPU.Build.0 = Debug|Any CPU
		{2A69C33B-0F7A-3E15-CDB5-8434B1CD6FAA}.Release|Any CPU.ActiveCfg = Release|Any CPU
		{2A69C33B-0F7A-3E15-CDB5-8434B1CD6FAA}.Release|Any CPU.Build.0 = Release|Any CPU
		{2B258F46-1942-6839-A734-1FAD9A55CCCA}.Debug|Any CPU.ActiveCfg = Debug|Any CPU
		{2B258F46-1942-6839-A734-1FAD9A55CCCA}.Debug|Any CPU.Build.0 = Debug|Any CPU
		{2B258F46-1942-6839-A734-1FAD9A55CCCA}.Release|Any CPU.ActiveCfg = Release|Any CPU
		{2B258F46-1942-6839-A734-1FAD9A55CCCA}.Release|Any CPU.Build.0 = Release|Any CPU
	EndGlobalSection
	GlobalSection(SolutionProperties) = preSolution
		HideSolutionNode = FALSE
	EndGlobalSection
	GlobalSection(ExtensibilityGlobals) = postSolution
		SolutionGuid = {282170CB-9FB2-4FEB-937E-FDD86ABDA68D}
	EndGlobalSection
EndGlobal
