
Microsoft Visual Studio Solution File, Format Version 12.00
# Visual Studio 15
Project("{FAE04EC0-301F-11D3-BF4B-00C04F79EFBC}") = "UMA_Core", "UMA_Core.csproj", "{05AA1749-90FB-9DEE-ECD3-479DC40DFB8F}"
EndProject
Project("{FAE04EC0-301F-11D3-BF4B-00C04F79EFBC}") = "Assembly-CSharp", "Assembly-CSharp.csproj", "{8573C9FE-B4C6-2FEF-7BC5-E6AB5D3FB37E}"
EndProject
Project("{FAE04EC0-301F-11D3-BF4B-00C04F79EFBC}") = "MToon", "MToon.csproj", "{22377AA2-B7C0-6756-9F1A-CB78B5AFC3E0}"
EndProject
Project("{FAE04EC0-301F-11D3-BF4B-00C04F79EFBC}") = "UMA_Examples", "UMA_Examples.csproj", "{5A17B033-2910-B473-CA57-C75FE22C2F5B}"
EndProject
Project("{FAE04EC0-301F-11D3-BF4B-00C04F79EFBC}") = "UMA_Content", "UMA_Content.csproj", "{0B2FCDC6-77BA-03B9-9756-2C44DA00C153}"
EndProject
Project("{FAE04EC0-301F-11D3-BF4B-00C04F79EFBC}") = "UMA_Core_Editor", "UMA_Core_Editor.csproj", "{BF5AB1F5-4C19-AB41-33F5-4AAC85F09774}"
EndProject
Project("{FAE04EC0-301F-11D3-BF4B-00C04F79EFBC}") = "Assembly-CSharp-Editor", "Assembly-CSharp-Editor.csproj", "{7D9D4FB0-AE6A-5337-8D37-C6798D2E6FE6}"
EndProject
Project("{FAE04EC0-301F-11D3-BF4B-00C04F79EFBC}") = "UMA_Examples_Editor", "UMA_Examples_Editor.csproj", "{D46BB1FF-4399-8939-AB5D-EB5A18DD3BC7}"
EndProject
Project("{FAE04EC0-301F-11D3-BF4B-00C04F79EFBC}") = "MToon.Editor", "MToon.Editor.csproj", "{8CA307D8-2B83-B239-029C-9FB74B4BC47E}"
EndProject
Global
	GlobalSection(SolutionConfigurationPlatforms) = preSolution
		Debug|Any CPU = Debug|Any CPU
		Release|Any CPU = Release|Any CPU
	EndGlobalSection
	GlobalSection(ProjectConfigurationPlatforms) = postSolution
		{05AA1749-90FB-9DEE-ECD3-479DC40DFB8F}.Debug|Any CPU.ActiveCfg = Debug|Any CPU
		{05AA1749-90FB-9DEE-ECD3-479DC40DFB8F}.Debug|Any CPU.Build.0 = Debug|Any CPU
		{05AA1749-90FB-9DEE-ECD3-479DC40DFB8F}.Release|Any CPU.ActiveCfg = Release|Any CPU
		{05AA1749-90FB-9DEE-ECD3-479DC40DFB8F}.Release|Any CPU.Build.0 = Release|Any CPU
		{8573C9FE-B4C6-2FEF-7BC5-E6AB5D3FB37E}.Debug|Any CPU.ActiveCfg = Debug|Any CPU
		{8573C9FE-B4C6-2FEF-7BC5-E6AB5D3FB37E}.Debug|Any CPU.Build.0 = Debug|Any CPU
		{8573C9FE-B4C6-2FEF-7BC5-E6AB5D3FB37E}.Release|Any CPU.ActiveCfg = Release|Any CPU
		{8573C9FE-B4C6-2FEF-7BC5-E6AB5D3FB37E}.Release|Any CPU.Build.0 = Release|Any CPU
		{22377AA2-B7C0-6756-9F1A-CB78B5AFC3E0}.Debug|Any CPU.ActiveCfg = Debug|Any CPU
		{22377AA2-B7C0-6756-9F1A-CB78B5AFC3E0}.Debug|Any CPU.Build.0 = Debug|Any CPU
		{22377AA2-B7C0-6756-9F1A-CB78B5AFC3E0}.Release|Any CPU.ActiveCfg = Release|Any CPU
		{22377AA2-B7C0-6756-9F1A-CB78B5AFC3E0}.Release|Any CPU.Build.0 = Release|Any CPU
		{5A17B033-2910-B473-CA57-C75FE22C2F5B}.Debug|Any CPU.ActiveCfg = Debug|Any CPU
		{5A17B033-2910-B473-CA57-C75FE22C2F5B}.Debug|Any CPU.Build.0 = Debug|Any CPU
		{5A17B033-2910-B473-CA57-C75FE22C2F5B}.Release|Any CPU.ActiveCfg = Release|Any CPU
		{5A17B033-2910-B473-CA57-C75FE22C2F5B}.Release|Any CPU.Build.0 = Release|Any CPU
		{0B2FCDC6-77BA-03B9-9756-2C44DA00C153}.Debug|Any CPU.ActiveCfg = Debug|Any CPU
		{0B2FCDC6-77BA-03B9-9756-2C44DA00C153}.Debug|Any CPU.Build.0 = Debug|Any CPU
		{0B2FCDC6-77BA-03B9-9756-2C44DA00C153}.Release|Any CPU.ActiveCfg = Release|Any CPU
		{0B2FCDC6-77BA-03B9-9756-2C44DA00C153}.Release|Any CPU.Build.0 = Release|Any CPU
		{BF5AB1F5-4C19-AB41-33F5-4AAC85F09774}.Debug|Any CPU.ActiveCfg = Debug|Any CPU
		{BF5AB1F5-4C19-AB41-33F5-4AAC85F09774}.Debug|Any CPU.Build.0 = Debug|Any CPU
		{BF5AB1F5-4C19-AB41-33F5-4AAC85F09774}.Release|Any CPU.ActiveCfg = Release|Any CPU
		{BF5AB1F5-4C19-AB41-33F5-4AAC85F09774}.Release|Any CPU.Build.0 = Release|Any CPU
		{7D9D4FB0-AE6A-5337-8D37-C6798D2E6FE6}.Debug|Any CPU.ActiveCfg = Debug|Any CPU
		{7D9D4FB0-AE6A-5337-8D37-C6798D2E6FE6}.Debug|Any CPU.Build.0 = Debug|Any CPU
		{7D9D4FB0-AE6A-5337-8D37-C6798D2E6FE6}.Release|Any CPU.ActiveCfg = Release|Any CPU
		{7D9D4FB0-AE6A-5337-8D37-C6798D2E6FE6}.Release|Any CPU.Build.0 = Release|Any CPU
		{D46BB1FF-4399-8939-AB5D-EB5A18DD3BC7}.Debug|Any CPU.ActiveCfg = Debug|Any CPU
		{D46BB1FF-4399-8939-AB5D-EB5A18DD3BC7}.Debug|Any CPU.Build.0 = Debug|Any CPU
		{D46BB1FF-4399-8939-AB5D-EB5A18DD3BC7}.Release|Any CPU.ActiveCfg = Release|Any CPU
		{D46BB1FF-4399-8939-AB5D-EB5A18DD3BC7}.Release|Any CPU.Build.0 = Release|Any CPU
		{8CA307D8-2B83-B239-029C-9FB74B4BC47E}.Debug|Any CPU.ActiveCfg = Debug|Any CPU
		{8CA307D8-2B83-B239-029C-9FB74B4BC47E}.Debug|Any CPU.Build.0 = Debug|Any CPU
		{8CA307D8-2B83-B239-029C-9FB74B4BC47E}.Release|Any CPU.ActiveCfg = Release|Any CPU
		{8CA307D8-2B83-B239-029C-9FB74B4BC47E}.Release|Any CPU.Build.0 = Release|Any CPU
	EndGlobalSection
	GlobalSection(SolutionProperties) = preSolution
		HideSolutionNode = FALSE
	EndGlobalSection
EndGlobal
